
Microsoft Visual Studio Solution File, Format Version 12.00
# Visual Studio Version 17
VisualStudioVersion = 17.11.35312.102
MinimumVisualStudioVersion = 10.0.40219.1
Project("{FAE04EC0-301F-11D3-BF4B-00C04F79EFBC}") = "SOSGame", "SOSGame\SOSGame.csproj", "{7D550CB1-513F-4DEC-B6D1-1F2D7E240F8D}"
EndProject
Global
	GlobalSection(SolutionConfigurationPlatforms) = preSolution
		Debug|Any CPU = Debug|Any CPU
		Release|Any CPU = Release|Any CPU
	EndGlobalSection
	GlobalSection(ProjectConfigurationPlatforms) = postSolution
		{7D550CB1-513F-4DEC-B6D1-1F2D7E240F8D}.Debug|Any CPU.ActiveCfg = Debug|Any CPU
		{7D550CB1-513F-4DEC-B6D1-1F2D7E240F8D}.Debug|Any CPU.Build.0 = Debug|Any CPU
		{7D550CB1-513F-4DEC-B6D1-1F2D7E240F8D}.Release|Any CPU.ActiveCfg = Release|Any CPU
		{7D550CB1-513F-4DEC-B6D1-1F2D7E240F8D}.Release|Any CPU.Build.0 = Release|Any CPU
	EndGlobalSection
	GlobalSection(SolutionProperties) = preSolution
		HideSolutionNode = FALSE
	EndGlobalSection
	GlobalSection(ExtensibilityGlobals) = postSolution
		SolutionGuid = {C24CCC2F-414E-4A4F-87DF-69B0206D6812}
	EndGlobalSection
EndGlobal
